PODS:
  - FTPageController (0.0.4)

DEPENDENCIES:
  - FTPageController (from `../`)

EXTERNAL SOURCES:
  FTPageController:
    :path: "../"

SPEC CHECKSUMS:
  FTPageController: 5ec41bddd91fb16f9044a5c228f7f2a892e9d5b5

PODFILE CHECKSUM: 847f1ca6027f3a2ca4dd2fc1a88926f3387e3f2a

COCOAPODS: 1.7.0.beta.3
