PODS:
  - FTPageController (0.0.5)

DEPENDENCIES:
  - FTPageController (from `../`)

EXTERNAL SOURCES:
  FTPageController:
    :path: "../"

SPEC CHECKSUMS:
  FTPageController: 5c53a0b366c79ec013bcf52386229d8f205f0f5d

PODFILE CHECKSUM: 06da9f33f46631efed6ded983caff786e46940e8

COCOAPODS: 1.7.0.beta.3
