// !$*UTF8*$!
{
	archiveVersion = 1;
	classes = {
	};
	objectVersion = 50;
	objects = {

/* Begin PBXBuildFile section */
		2A6DDFD922896DD500DE42EF /* AppDelegate.swift in Sources */ = {isa = PBXBuildFile; fileRef = 2A6DDFD822896DD500DE42EF /* AppDelegate.swift */; };
		2A6DDFE022896DD600DE42EF /* Assets.xcassets in Resources */ = {isa = PBXBuildFile; fileRef = 2A6DDFDF22896DD600DE42EF /* Assets.xcassets */; };
		2A6DDFE322896DD600DE42EF /* LaunchScreen.storyboard in Resources */ = {isa = PBXBuildFile; fileRef = 2A6DDFE122896DD600DE42EF /* LaunchScreen.storyboard */; };
		2A6DDFF022896E0A00DE42EF /* TableViewController.swift in Sources */ = {isa = PBXBuildFile; fileRef = 2A6DDFEA22896E0A00DE42EF /* TableViewController.swift */; };
		2A6DDFF122896E0A00DE42EF /* SubViewController.swift in Sources */ = {isa = PBXBuildFile; fileRef = 2A6DDFEB22896E0A00DE42EF /* SubViewController.swift */; };
		2A6DDFF222896E0A00DE42EF /* HeaderView.swift in Sources */ = {isa = PBXBuildFile; fileRef = 2A6DDFEC22896E0A00DE42EF /* HeaderView.swift */; };
		2A6DDFF322896E0A00DE42EF /* ViewController.swift in Sources */ = {isa = PBXBuildFile; fileRef = 2A6DDFED22896E0A00DE42EF /* ViewController.swift */; };
		2A6DDFF422896E0A00DE42EF /* AttributedViewController.swift in Sources */ = {isa = PBXBuildFile; fileRef = 2A6DDFEE22896E0A00DE42EF /* AttributedViewController.swift */; };
		2A6DDFF522896E0A00DE42EF /* DetailViewController.swift in Sources */ = {isa = PBXBuildFile; fileRef = 2A6DDFEF22896E0A00DE42EF /* DetailViewController.swift */; };
		2A6DDFF822896E2900DE42EF /* Main.storyboard in Resources */ = {isa = PBXBuildFile; fileRef = 2A6DDFF622896E2900DE42EF /* Main.storyboard */; };
		2AFA387E228A53DC00CA4E20 /* FTPageController.framework in Frameworks */ = {isa = PBXBuildFile; fileRef = 2A6DE0242289742300DE42EF /* FTPageController.framework */; };
/* End PBXBuildFile section */

/* Begin PBXFileReference section */
		2A6DDFD522896DD500DE42EF /* FTPageControllerDemo.app */ = {isa = PBXFileReference; explicitFileType = wrapper.application; includeInIndex = 0; path = FTPageControllerDemo.app; sourceTree = BUILT_PRODUCTS_DIR; };
		2A6DDFD822896DD500DE42EF /* AppDelegate.swift */ = {isa = PBXFileReference; lastKnownFileType = sourcecode.swift; path = AppDelegate.swift; sourceTree = "<group>"; };
		2A6DDFDF22896DD600DE42EF /* Assets.xcassets */ = {isa = PBXFileReference; lastKnownFileType = folder.assetcatalog; path = Assets.xcassets; sourceTree = "<group>"; };
		2A6DDFE222896DD600DE42EF /* Base */ = {isa = PBXFileReference; lastKnownFileType = file.storyboard; name = Base; path = Base.lproj/LaunchScreen.storyboard; sourceTree = "<group>"; };
		2A6DDFE422896DD600DE42EF /* Info.plist */ = {isa = PBXFileReference; lastKnownFileType = text.plist.xml; path = Info.plist; sourceTree = "<group>"; };
		2A6DDFEA22896E0A00DE42EF /* TableViewController.swift */ = {isa = PBXFileReference; fileEncoding = 4; lastKnownFileType = sourcecode.swift; name = TableViewController.swift; path = ../../../../FTPageControllerDemo/FTPageControllerDemo/TableViewController.swift; sourceTree = "<group>"; };
		2A6DDFEB22896E0A00DE42EF /* SubViewController.swift */ = {isa = PBXFileReference; fileEncoding = 4; lastKnownFileType = sourcecode.swift; name = SubViewController.swift; path = ../../../../FTPageControllerDemo/FTPageControllerDemo/SubViewController.swift; sourceTree = "<group>"; };
		2A6DDFEC22896E0A00DE42EF /* HeaderView.swift */ = {isa = PBXFileReference; fileEncoding = 4; lastKnownFileType = sourcecode.swift; name = HeaderView.swift; path = ../../../../FTPageControllerDemo/FTPageControllerDemo/HeaderView.swift; sourceTree = "<group>"; };
		2A6DDFED22896E0A00DE42EF /* ViewController.swift */ = {isa = PBXFileReference; fileEncoding = 4; lastKnownFileType = sourcecode.swift; name = ViewController.swift; path = ../../../../FTPageControllerDemo/FTPageControllerDemo/ViewController.swift; sourceTree = "<group>"; };
		2A6DDFEE22896E0A00DE42EF /* AttributedViewController.swift */ = {isa = PBXFileReference; fileEncoding = 4; lastKnownFileType = sourcecode.swift; name = AttributedViewController.swift; path = ../../../../FTPageControllerDemo/FTPageControllerDemo/AttributedViewController.swift; sourceTree = "<group>"; };
		2A6DDFEF22896E0A00DE42EF /* DetailViewController.swift */ = {isa = PBXFileReference; fileEncoding = 4; lastKnownFileType = sourcecode.swift; name = DetailViewController.swift; path = ../../../../FTPageControllerDemo/FTPageControllerDemo/DetailViewController.swift; sourceTree = "<group>"; };
		2A6DDFF722896E2900DE42EF /* Base */ = {isa = PBXFileReference; lastKnownFileType = file.storyboard; name = Base; path = Base.lproj/Main.storyboard; sourceTree = "<group>"; };
		2A6DE0242289742300DE42EF /* FTPageController.framework */ = {isa = PBXFileReference; explicitFileType = wrapper.framework; path = FTPageController.framework; sourceTree = BUILT_PRODUCTS_DIR; };
/* End PBXFileReference section */

/* Begin PBXFrameworksBuildPhase section */
		2A6DDFD222896DD500DE42EF /* Frameworks */ = {
			isa = PBXFrameworksBuildPhase;
			buildActionMask = 2147483647;
			files = (
				2AFA387E228A53DC00CA4E20 /* FTPageController.framework in Frameworks */,
			);
			runOnlyForDeploymentPostprocessing = 0;
		};
/* End PBXFrameworksBuildPhase section */

/* Begin PBXGroup section */
		2A6DDFCC22896DD500DE42EF = {
			isa = PBXGroup;
			children = (
				2A6DDFD722896DD500DE42EF /* FTPageControllerDemo */,
				2A6DDFD622896DD500DE42EF /* Products */,
				2A6DE0232289742300DE42EF /* Frameworks */,
			);
			sourceTree = "<group>";
		};
		2A6DDFD622896DD500DE42EF /* Products */ = {
			isa = PBXGroup;
			children = (
				2A6DDFD522896DD500DE42EF /* FTPageControllerDemo.app */,
			);
			name = Products;
			sourceTree = "<group>";
		};
		2A6DDFD722896DD500DE42EF /* FTPageControllerDemo */ = {
			isa = PBXGroup;
			children = (
				2A6DDFD822896DD500DE42EF /* AppDelegate.swift */,
				2A6DDFEE22896E0A00DE42EF /* AttributedViewController.swift */,
				2A6DDFEF22896E0A00DE42EF /* DetailViewController.swift */,
				2A6DDFEC22896E0A00DE42EF /* HeaderView.swift */,
				2A6DDFEB22896E0A00DE42EF /* SubViewController.swift */,
				2A6DDFEA22896E0A00DE42EF /* TableViewController.swift */,
				2A6DDFED22896E0A00DE42EF /* ViewController.swift */,
				2A6DDFF622896E2900DE42EF /* Main.storyboard */,
				2A6DDFDF22896DD600DE42EF /* Assets.xcassets */,
				2A6DDFE122896DD600DE42EF /* LaunchScreen.storyboard */,
				2A6DDFE422896DD600DE42EF /* Info.plist */,
			);
			path = FTPageControllerDemo;
			sourceTree = "<group>";
		};
		2A6DE0232289742300DE42EF /* Frameworks */ = {
			isa = PBXGroup;
			children = (
				2A6DE0242289742300DE42EF /* FTPageController.framework */,
			);
			name = Frameworks;
			sourceTree = "<group>";
		};
/* End PBXGroup section */

/* Begin PBXNativeTarget section */
		2A6DDFD422896DD500DE42EF /* FTPageControllerDemo */ = {
			isa = PBXNativeTarget;
			buildConfigurationList = 2A6DDFE722896DD600DE42EF /* Build configuration list for PBXNativeTarget "FTPageControllerDemo" */;
			buildPhases = (
				2A6DDFD122896DD500DE42EF /* Sources */,
				2A6DDFD222896DD500DE42EF /* Frameworks */,
				2A6DDFD322896DD500DE42EF /* Resources */,
			);
			buildRules = (
			);
			dependencies = (
			);
			name = FTPageControllerDemo;
			productName = FTPageControllerDemo;
			productReference = 2A6DDFD522896DD500DE42EF /* FTPageControllerDemo.app */;
			productType = "com.apple.product-type.application";
		};
/* End PBXNativeTarget section */

/* Begin PBXProject section */
		2A6DDFCD22896DD500DE42EF /* Project object */ = {
			isa = PBXProject;
			attributes = {
				LastSwiftUpdateCheck = 1020;
				LastUpgradeCheck = 1020;
				ORGANIZATIONNAME = liufengting;
				TargetAttributes = {
					2A6DDFD422896DD500DE42EF = {
						CreatedOnToolsVersion = 10.2.1;
					};
				};
			};
			buildConfigurationList = 2A6DDFD022896DD500DE42EF /* Build configuration list for PBXProject "FTPageControllerDemo" */;
			compatibilityVersion = "Xcode 9.3";
			developmentRegion = en;
			hasScannedForEncodings = 0;
			knownRegions = (
				en,
				Base,
			);
			mainGroup = 2A6DDFCC22896DD500DE42EF;
			productRefGroup = 2A6DDFD622896DD500DE42EF /* Products */;
			projectDirPath = "";
			projectRoot = "";
			targets = (
				2A6DDFD422896DD500DE42EF /* FTPageControllerDemo */,
			);
		};
/* End PBXProject section */

/* Begin PBXResourcesBuildPhase section */
		2A6DDFD322896DD500DE42EF /* Resources */ = {
			isa = PBXResourcesBuildPhase;
			buildActionMask = 2147483647;
			files = (
				2A6DDFF822896E2900DE42EF /* Main.storyboard in Resources */,
				2A6DDFE322896DD600DE42EF /* LaunchScreen.storyboard in Resources */,
				2A6DDFE022896DD600DE42EF /* Assets.xcassets in Resources */,
			);
			runOnlyForDeploymentPostprocessing = 0;
		};
/* End PBXResourcesBuildPhase section */

/* Begin PBXSourcesBuildPhase section */
		2A6DDFD122896DD500DE42EF /* Sources */ = {
			isa = PBXSourcesBuildPhase;
			buildActionMask = 2147483647;
			files = (
				2A6DDFF322896E0A00DE42EF /* ViewController.swift in Sources */,
				2A6DDFF122896E0A00DE42EF /* SubViewController.swift in Sources */,
				2A6DDFF422896E0A00DE42EF /* AttributedViewController.swift in Sources */,
				2A6DDFD922896DD500DE42EF /* AppDelegate.swift in Sources */,
				2A6DDFF022896E0A00DE42EF /* TableViewController.swift in Sources */,
				2A6DDFF222896E0A00DE42EF /* HeaderView.swift in Sources */,
				2A6DDFF522896E0A00DE42EF /* DetailViewController.swift in Sources */,
			);
			runOnlyForDeploymentPostprocessing = 0;
		};
/* End PBXSourcesBuildPhase section */

/* Begin PBXVariantGroup section */
		2A6DDFE122896DD600DE42EF /* LaunchScreen.storyboard */ = {
			isa = PBXVariantGroup;
			children = (
				2A6DDFE222896DD600DE42EF /* Base */,
			);
			name = LaunchScreen.storyboard;
			sourceTree = "<group>";
		};
		2A6DDFF622896E2900DE42EF /* Main.storyboard */ = {
			isa = PBXVariantGroup;
			children = (
				2A6DDFF722896E2900DE42EF /* Base */,
			);
			name = Main.storyboard;
			sourceTree = "<group>";
		};
/* End PBXVariantGroup section */

/* Begin XCBuildConfiguration section */
		2A6DDFE522896DD600DE42EF /* Debug */ = {
			isa = XCBuildConfiguration;
			buildSettings = {
				ALWAYS_SEARCH_USER_PATHS = NO;
				CLANG_ANALYZER_NONNULL = YES;
				CLANG_ANALYZER_NUMBER_OBJECT_CONVERSION = YES_AGGRESSIVE;
				CLANG_CXX_LANGUAGE_STANDARD = "gnu++14";
				CLANG_CXX_LIBRARY = "libc++";
				CLANG_ENABLE_MODULES = YES;
				CLANG_ENABLE_OBJC_ARC = YES;
				CLANG_ENABLE_OBJC_WEAK = YES;
				CLANG_WARN_BLOCK_CAPTURE_AUTORELEASING = YES;
				CLANG_WARN_BOOL_CONVERSION = YES;
				CLANG_WARN_COMMA = YES;
				CLANG_WARN_CONSTANT_CONVERSION = YES;
				CLANG_WARN_DEPRECATED_OBJC_IMPLEMENTATIONS = YES;
				CLANG_WARN_DIRECT_OBJC_ISA_USAGE = YES_ERROR;
				CLANG_WARN_DOCUMENTATION_COMMENTS = YES;
				CLANG_WARN_EMPTY_BODY = YES;
				CLANG_WARN_ENUM_CONVERSION = YES;
				CLANG_WARN_INFINITE_RECURSION = YES;
				CLANG_WARN_INT_CONVERSION = YES;
				CLANG_WARN_NON_LITERAL_NULL_CONVERSION = YES;
				CLANG_WARN_OBJC_IMPLICIT_RETAIN_SELF = YES;
				CLANG_WARN_OBJC_LITERAL_CONVERSION = YES;
				CLANG_WARN_OBJC_ROOT_CLASS = YES_ERROR;
				CLANG_WARN_RANGE_LOOP_ANALYSIS = YES;
				CLANG_WARN_STRICT_PROTOTYPES = YES;
				CLANG_WARN_SUSPICIOUS_MOVE = YES;
				CLANG_WARN_UNGUARDED_AVAILABILITY = YES_AGGRESSIVE;
				CLANG_WARN_UNREACHABLE_CODE = YES;
				CLANG_WARN__DUPLICATE_METHOD_MATCH = YES;
				CODE_SIGN_IDENTITY = "iPhone Developer";
				COPY_PHASE_STRIP = NO;
				DEBUG_INFORMATION_FORMAT = dwarf;
				ENABLE_STRICT_OBJC_MSGSEND = YES;
				ENABLE_TESTABILITY = YES;
				GCC_C_LANGUAGE_STANDARD = gnu11;
				GCC_DYNAMIC_NO_PIC = NO;
				GCC_NO_COMMON_BLOCKS = YES;
				GCC_OPTIMIZATION_LEVEL = 0;
				GCC_PREPROCESSOR_DEFINITIONS = (
					"DEBUG=1",
					"$(inherited)",
				);
				GCC_WARN_64_TO_32_BIT_CONVERSION = YES;
				GCC_WARN_ABOUT_RETURN_TYPE = YES_ERROR;
				GCC_WARN_UNDECLARED_SELECTOR = YES;
				GCC_WARN_UNINITIALIZED_AUTOS = YES_AGGRESSIVE;
				GCC_WARN_UNUSED_FUNCTION = YES;
				GCC_WARN_UNUSED_VARIABLE = YES;
				IPHONEOS_DEPLOYMENT_TARGET = 12.2;
				MTL_ENABLE_DEBUG_INFO = INCLUDE_SOURCE;
				MTL_FAST_MATH = YES;
				ONLY_ACTIVE_ARCH = YES;
				SDKROOT = iphoneos;
				SWIFT_ACTIVE_COMPILATION_CONDITIONS = DEBUG;
				SWIFT_OPTIMIZATION_LEVEL = "-Onone";
			};
			name = Debug;
		};
		2A6DDFE622896DD600DE42EF /* Release */ = {
			isa = XCBuildConfiguration;
			buildSettings = {
				ALWAYS_SEARCH_USER_PATHS = NO;
				CLANG_ANALYZER_NONNULL = YES;
				CLANG_ANALYZER_NUMBER_OBJECT_CONVERSION = YES_AGGRESSIVE;
				CLANG_CXX_LANGUAGE_STANDARD = "gnu++14";
				CLANG_CXX_LIBRARY = "libc++";
				CLANG_ENABLE_MODULES = YES;
				CLANG_ENABLE_OBJC_ARC = YES;
				CLANG_ENABLE_OBJC_WEAK = YES;
				CLANG_WARN_BLOCK_CAPTURE_AUTORELEASING = YES;
				CLANG_WARN_BOOL_CONVERSION = YES;
				CLANG_WARN_COMMA = YES;
				CLANG_WARN_CONSTANT_CONVERSION = YES;
				CLANG_WARN_DEPRECATED_OBJC_IMPLEMENTATIONS = YES;
				CLANG_WARN_DIRECT_OBJC_ISA_USAGE = YES_ERROR;
				CLANG_WARN_DOCUMENTATION_COMMENTS = YES;
				CLANG_WARN_EMPTY_BODY = YES;
				CLANG_WARN_ENUM_CONVERSION = YES;
				CLANG_WARN_INFINITE_RECURSION = YES;
				CLANG_WARN_INT_CONVERSION = YES;
				CLANG_WARN_NON_LITERAL_NULL_CONVERSION = YES;
				CLANG_WARN_OBJC_IMPLICIT_RETAIN_SELF = YES;
				CLANG_WARN_OBJC_LITERAL_CONVERSION = YES;
				CLANG_WARN_OBJC_ROOT_CLASS = YES_ERROR;
				CLANG_WARN_RANGE_LOOP_ANALYSIS = YES;
				CLANG_WARN_STRICT_PROTOTYPES = YES;
				CLANG_WARN_SUSPICIOUS_MOVE = YES;
				CLANG_WARN_UNGUARDED_AVAILABILITY = YES_AGGRESSIVE;
				CLANG_WARN_UNREACHABLE_CODE = YES;
				CLANG_WARN__DUPLICATE_METHOD_MATCH = YES;
				CODE_SIGN_IDENTITY = "iPhone Developer";
				COPY_PHASE_STRIP = NO;
				DEBUG_INFORMATION_FORMAT = "dwarf-with-dsym";
				ENABLE_NS_ASSERTIONS = NO;
				ENABLE_STRICT_OBJC_MSGSEND = YES;
				GCC_C_LANGUAGE_STANDARD = gnu11;
				GCC_NO_COMMON_BLOCKS = YES;
				GCC_WARN_64_TO_32_BIT_CONVERSION = YES;
				GCC_WARN_ABOUT_RETURN_TYPE = YES_ERROR;
				GCC_WARN_UNDECLARED_SELECTOR = YES;
				GCC_WARN_UNINITIALIZED_AUTOS = YES_AGGRESSIVE;
				GCC_WARN_UNUSED_FUNCTION = YES;
				GCC_WARN_UNUSED_VARIABLE = YES;
				IPHONEOS_DEPLOYMENT_TARGET = 12.2;
				MTL_ENABLE_DEBUG_INFO = NO;
				MTL_FAST_MATH = YES;
				SDKROOT = iphoneos;
				SWIFT_COMPILATION_MODE = wholemodule;
				SWIFT_OPTIMIZATION_LEVEL = "-O";
				VALIDATE_PRODUCT = YES;
			};
			name = Release;
		};
		2A6DDFE822896DD600DE42EF /* Debug */ = {
			isa = XCBuildConfiguration;
			buildSettings = {
				ASSETCATALOG_COMPILER_APPICON_NAME = AppIcon;
				CODE_SIGN_STYLE = Automatic;
				DEVELOPMENT_TEAM = E83AC9WR2F;
				INFOPLIST_FILE = FTPageControllerDemo/Info.plist;
				LD_RUNPATH_SEARCH_PATHS = (
					"$(inherited)",
					"@executable_path/Frameworks",
					"@loader_path/Frameworks",
				);
				PRODUCT_BUNDLE_IDENTIFIER = com.liufengting.FTPageControllerDemo;
				PRODUCT_NAME = "$(TARGET_NAME)";
				SWIFT_VERSION = 5.0;
				TARGETED_DEVICE_FAMILY = "1,2";
				USER_HEADER_SEARCH_PATHS = "";
			};
			name = Debug;
		};
		2A6DDFE922896DD600DE42EF /* Release */ = {
			isa = XCBuildConfiguration;
			buildSettings = {
				ASSETCATALOG_COMPILER_APPICON_NAME = AppIcon;
				CODE_SIGN_STYLE = Automatic;
				DEVELOPMENT_TEAM = E83AC9WR2F;
				INFOPLIST_FILE = FTPageControllerDemo/Info.plist;
				LD_RUNPATH_SEARCH_PATHS = (
					"$(inherited)",
					"@executable_path/Frameworks",
					"@loader_path/Frameworks",
				);
				PRODUCT_BUNDLE_IDENTIFIER = com.liufengting.FTPageControllerDemo;
				PRODUCT_NAME = "$(TARGET_NAME)";
				SWIFT_VERSION = 5.0;
				TARGETED_DEVICE_FAMILY = "1,2";
				USER_HEADER_SEARCH_PATHS = "";
			};
			name = Release;
		};
/* End XCBuildConfiguration section */

/* Begin XCConfigurationList section */
		2A6DDFD022896DD500DE42EF /* Build configuration list for PBXProject "FTPageControllerDemo" */ = {
			isa = XCConfigurationList;
			buildConfigurations = (
				2A6DDFE522896DD600DE42EF /* Debug */,
				2A6DDFE622896DD600DE42EF /* Release */,
			);
			defaultConfigurationIsVisible = 0;
			defaultConfigurationName = Release;
		};
		2A6DDFE722896DD600DE42EF /* Build configuration list for PBXNativeTarget "FTPageControllerDemo" */ = {
			isa = XCConfigurationList;
			buildConfigurations = (
				2A6DDFE822896DD600DE42EF /* Debug */,
				2A6DDFE922896DD600DE42EF /* Release */,
			);
			defaultConfigurationIsVisible = 0;
			defaultConfigurationName = Release;
		};
/* End XCConfigurationList section */
	};
	rootObject = 2A6DDFCD22896DD500DE42EF /* Project object */;
}
